
Microsoft Visual Studio Solution File, Format Version 12.00
# Visual Studio Version 16
VisualStudioVersion = 16.0.30320.27
MinimumVisualStudioVersion = 10.0.40219.1
Project("{FAE04EC0-301F-11D3-BF4B-00C04F79EFBC}") = "TradeArcher", "TradeArcher\TradeArcher.csproj", "{02CC480A-776C-4F31-BDBF-D064E49DFD59}"
EndProject
Project("{FAE04EC0-301F-11D3-BF4B-00C04F79EFBC}") = "TradeArcher.Tests.MSTest", "TradeArcher.Tests.MSTest\TradeArcher.Tests.MSTest.csproj", "{161198C4-76E3-459D-9B7E-BC17E42893EE}"
EndProject
Project("{9A19103F-16F7-4668-BE54-9A1E7A4F7556}") = "TradeArcher.Core", "TradeArcher.Core\TradeArcher.Core.csproj", "{D3AA4FB7-1097-4617-B730-0987D7186443}"
EndProject
Project("{9A19103F-16F7-4668-BE54-9A1E7A4F7556}") = "TradeArcher.Core.Tests.MSTest", "TradeArcher.Core.Tests.MSTest\TradeArcher.Core.Tests.MSTest.csproj", "{E2F7E3D2-7C7F-410C-AFEB-3B89804EB9D8}"
EndProject
Global
	GlobalSection(SolutionConfigurationPlatforms) = preSolution
		Debug|Any CPU = Debug|Any CPU
		Debug|ARM = Debug|ARM
		Debug|ARM64 = Debug|ARM64
		Debug|x64 = Debug|x64
		Debug|x86 = Debug|x86
		Release|Any CPU = Release|Any CPU
		Release|ARM = Release|ARM
		Release|ARM64 = Release|ARM64
		Release|x64 = Release|x64
		Release|x86 = Release|x86
	EndGlobalSection
	GlobalSection(ProjectConfigurationPlatforms) = postSolution
		{02CC480A-776C-4F31-BDBF-D064E49DFD59}.Debug|Any CPU.ActiveCfg = Debug|x86
		{02CC480A-776C-4F31-BDBF-D064E49DFD59}.Debug|ARM.ActiveCfg = Debug|ARM
		{02CC480A-776C-4F31-BDBF-D064E49DFD59}.Debug|ARM.Build.0 = Debug|ARM
		{02CC480A-776C-4F31-BDBF-D064E49DFD59}.Debug|ARM.Deploy.0 = Debug|ARM
		{02CC480A-776C-4F31-BDBF-D064E49DFD59}.Debug|ARM64.ActiveCfg = Debug|ARM64
		{02CC480A-776C-4F31-BDBF-D064E49DFD59}.Debug|ARM64.Build.0 = Debug|ARM64
		{02CC480A-776C-4F31-BDBF-D064E49DFD59}.Debug|ARM64.Deploy.0 = Debug|ARM64
		{02CC480A-776C-4F31-BDBF-D064E49DFD59}.Debug|x64.ActiveCfg = Debug|x64
		{02CC480A-776C-4F31-BDBF-D064E49DFD59}.Debug|x64.Build.0 = Debug|x64
		{02CC480A-776C-4F31-BDBF-D064E49DFD59}.Debug|x64.Deploy.0 = Debug|x64
		{02CC480A-776C-4F31-BDBF-D064E49DFD59}.Debug|x86.ActiveCfg = Debug|x86
		{02CC480A-776C-4F31-BDBF-D064E49DFD59}.Debug|x86.Build.0 = Debug|x86
		{02CC480A-776C-4F31-BDBF-D064E49DFD59}.Debug|x86.Deploy.0 = Debug|x86
		{02CC480A-776C-4F31-BDBF-D064E49DFD59}.Release|Any CPU.ActiveCfg = Release|x86
		{02CC480A-776C-4F31-BDBF-D064E49DFD59}.Release|ARM.ActiveCfg = Release|ARM
		{02CC480A-776C-4F31-BDBF-D064E49DFD59}.Release|ARM.Build.0 = Release|ARM
		{02CC480A-776C-4F31-BDBF-D064E49DFD59}.Release|ARM.Deploy.0 = Release|ARM
		{02CC480A-776C-4F31-BDBF-D064E49DFD59}.Release|ARM64.ActiveCfg = Release|ARM64
		{02CC480A-776C-4F31-BDBF-D064E49DFD59}.Release|ARM64.Build.0 = Release|ARM64
		{02CC480A-776C-4F31-BDBF-D064E49DFD59}.Release|ARM64.Deploy.0 = Release|ARM64
		{02CC480A-776C-4F31-BDBF-D064E49DFD59}.Release|x64.ActiveCfg = Release|x64
		{02CC480A-776C-4F31-BDBF-D064E49DFD59}.Release|x64.Build.0 = Release|x64
		{02CC480A-776C-4F31-BDBF-D064E49DFD59}.Release|x64.Deploy.0 = Release|x64
		{02CC480A-776C-4F31-BDBF-D064E49DFD59}.Release|x86.ActiveCfg = Release|x86
		{02CC480A-776C-4F31-BDBF-D064E49DFD59}.Release|x86.Build.0 = Release|x86
		{02CC480A-776C-4F31-BDBF-D064E49DFD59}.Release|x86.Deploy.0 = Release|x86
		{161198C4-76E3-459D-9B7E-BC17E42893EE}.Debug|Any CPU.ActiveCfg = Debug|x86
		{161198C4-76E3-459D-9B7E-BC17E42893EE}.Debug|ARM.ActiveCfg = Debug|ARM
		{161198C4-76E3-459D-9B7E-BC17E42893EE}.Debug|ARM.Build.0 = Debug|ARM
		{161198C4-76E3-459D-9B7E-BC17E42893EE}.Debug|ARM.Deploy.0 = Debug|ARM
		{161198C4-76E3-459D-9B7E-BC17E42893EE}.Debug|ARM64.ActiveCfg = Debug|x86
		{161198C4-76E3-459D-9B7E-BC17E42893EE}.Debug|x64.ActiveCfg = Debug|x64
		{161198C4-76E3-459D-9B7E-BC17E42893EE}.Debug|x64.Deploy.0 = Debug|x64
		{161198C4-76E3-459D-9B7E-BC17E42893EE}.Debug|x86.ActiveCfg = Debug|x86
		{161198C4-76E3-459D-9B7E-BC17E42893EE}.Debug|x86.Build.0 = Debug|x86
		{161198C4-76E3-459D-9B7E-BC17E42893EE}.Debug|x86.Deploy.0 = Debug|x86
		{161198C4-76E3-459D-9B7E-BC17E42893EE}.Release|Any CPU.ActiveCfg = Release|x86
		{161198C4-76E3-459D-9B7E-BC17E42893EE}.Release|ARM.ActiveCfg = Release|ARM
		{161198C4-76E3-459D-9B7E-BC17E42893EE}.Release|ARM.Build.0 = Release|ARM
		{161198C4-76E3-459D-9B7E-BC17E42893EE}.Release|ARM.Deploy.0 = Release|ARM
		{161198C4-76E3-459D-9B7E-BC17E42893EE}.Release|ARM64.ActiveCfg = Release|x86
		{161198C4-76E3-459D-9B7E-BC17E42893EE}.Release|x64.ActiveCfg = Release|x64
		{161198C4-76E3-459D-9B7E-BC17E42893EE}.Release|x64.Build.0 = Release|x64
		{161198C4-76E3-459D-9B7E-BC17E42893EE}.Release|x64.Deploy.0 = Release|x64
		{161198C4-76E3-459D-9B7E-BC17E42893EE}.Release|x86.ActiveCfg = Release|x86
		{161198C4-76E3-459D-9B7E-BC17E42893EE}.Release|x86.Build.0 = Release|x86
		{161198C4-76E3-459D-9B7E-BC17E42893EE}.Release|x86.Deploy.0 = Release|x86
		{D3AA4FB7-1097-4617-B730-0987D7186443}.Debug|Any CPU.ActiveCfg = Debug|Any CPU
		{D3AA4FB7-1097-4617-B730-0987D7186443}.Debug|Any CPU.Build.0 = Debug|Any CPU
		{D3AA4FB7-1097-4617-B730-0987D7186443}.Debug|ARM.ActiveCfg = Debug|Any CPU
		{D3AA4FB7-1097-4617-B730-0987D7186443}.Debug|ARM.Build.0 = Debug|Any CPU
		{D3AA4FB7-1097-4617-B730-0987D7186443}.Debug|ARM64.ActiveCfg = Debug|Any CPU
		{D3AA4FB7-1097-4617-B730-0987D7186443}.Debug|ARM64.Build.0 = Debug|Any CPU
		{D3AA4FB7-1097-4617-B730-0987D7186443}.Debug|x64.ActiveCfg = Debug|Any CPU
		{D3AA4FB7-1097-4617-B730-0987D7186443}.Debug|x64.Build.0 = Debug|Any CPU
		{D3AA4FB7-1097-4617-B730-0987D7186443}.Debug|x86.ActiveCfg = Debug|Any CPU
		{D3AA4FB7-1097-4617-B730-0987D7186443}.Debug|x86.Build.0 = Debug|Any CPU
		{D3AA4FB7-1097-4617-B730-0987D7186443}.Release|Any CPU.ActiveCfg = Release|Any CPU
		{D3AA4FB7-1097-4617-B730-0987D7186443}.Release|Any CPU.Build.0 = Release|Any CPU
		{D3AA4FB7-1097-4617-B730-0987D7186443}.Release|ARM.ActiveCfg = Release|Any CPU
		{D3AA4FB7-1097-4617-B730-0987D7186443}.Release|ARM.Build.0 = Release|Any CPU
		{D3AA4FB7-1097-4617-B730-0987D7186443}.Release|ARM64.ActiveCfg = Release|Any CPU
		{D3AA4FB7-1097-4617-B730-0987D7186443}.Release|ARM64.Build.0 = Release|Any CPU
		{D3AA4FB7-1097-4617-B730-0987D7186443}.Release|x64.ActiveCfg = Release|Any CPU
		{D3AA4FB7-1097-4617-B730-0987D7186443}.Release|x64.Build.0 = Release|Any CPU
		{D3AA4FB7-1097-4617-B730-0987D7186443}.Release|x86.ActiveCfg = Release|Any CPU
		{D3AA4FB7-1097-4617-B730-0987D7186443}.Release|x86.Build.0 = Release|Any CPU
		{E2F7E3D2-7C7F-410C-AFEB-3B89804EB9D8}.Debug|Any CPU.ActiveCfg = Debug|Any CPU
		{E2F7E3D2-7C7F-410C-AFEB-3B89804EB9D8}.Debug|Any CPU.Build.0 = Debug|Any CPU
		{E2F7E3D2-7C7F-410C-AFEB-3B89804EB9D8}.Debug|ARM.ActiveCfg = Debug|Any CPU
		{E2F7E3D2-7C7F-410C-AFEB-3B89804EB9D8}.Debug|ARM.Build.0 = Debug|Any CPU
		{E2F7E3D2-7C7F-410C-AFEB-3B89804EB9D8}.Debug|ARM64.ActiveCfg = Debug|Any CPU
		{E2F7E3D2-7C7F-410C-AFEB-3B89804EB9D8}.Debug|ARM64.Build.0 = Debug|Any CPU
		{E2F7E3D2-7C7F-410C-AFEB-3B89804EB9D8}.Debug|x64.ActiveCfg = Debug|Any CPU
		{E2F7E3D2-7C7F-410C-AFEB-3B89804EB9D8}.Debug|x64.Build.0 = Debug|Any CPU
		{E2F7E3D2-7C7F-410C-AFEB-3B89804EB9D8}.Debug|x86.ActiveCfg = Debug|Any CPU
		{E2F7E3D2-7C7F-410C-AFEB-3B89804EB9D8}.Debug|x86.Build.0 = Debug|Any CPU
		{E2F7E3D2-7C7F-410C-AFEB-3B89804EB9D8}.Release|Any CPU.ActiveCfg = Release|Any CPU
		{E2F7E3D2-7C7F-410C-AFEB-3B89804EB9D8}.Release|Any CPU.Build.0 = Release|Any CPU
		{E2F7E3D2-7C7F-410C-AFEB-3B89804EB9D8}.Release|ARM.ActiveCfg = Release|Any CPU
		{E2F7E3D2-7C7F-410C-AFEB-3B89804EB9D8}.Release|ARM.Build.0 = Release|Any CPU
		{E2F7E3D2-7C7F-410C-AFEB-3B89804EB9D8}.Release|ARM64.ActiveCfg = Release|Any CPU
		{E2F7E3D2-7C7F-410C-AFEB-3B89804EB9D8}.Release|ARM64.Build.0 = Release|Any CPU
		{E2F7E3D2-7C7F-410C-AFEB-3B89804EB9D8}.Release|x64.ActiveCfg = Release|Any CPU
		{E2F7E3D2-7C7F-410C-AFEB-3B89804EB9D8}.Release|x64.Build.0 = Release|Any CPU
		{E2F7E3D2-7C7F-410C-AFEB-3B89804EB9D8}.Release|x86.ActiveCfg = Release|Any CPU
		{E2F7E3D2-7C7F-410C-AFEB-3B89804EB9D8}.Release|x86.Build.0 = Release|Any CPU
	EndGlobalSection
	GlobalSection(SolutionProperties) = preSolution
		HideSolutionNode = FALSE
	EndGlobalSection
	GlobalSection(ExtensibilityGlobals) = postSolution
		SolutionGuid = {863EE505-E125-4AD1-86E0-5FAF9D20BBC5}
	EndGlobalSection
EndGlobal
